// !$*UTF8*$!
{
	archiveVersion = 1;
	classes = {
	};
	objectVersion = 55;
	objects = {

/* Begin PBXBuildFile section */
		36B08458E8F69950D0DD28F5 /* Pods_Instagram_InstagramUITests.framework in Frameworks */ = {isa = PBXBuildFile; fileRef = 50991A6460BA413FF0FD87C3 /* Pods_Instagram_InstagramUITests.framework */; };
		3CF65201286A416700BD5EDB /* AppDelegate.m in Sources */ = {isa = PBXBuildFile; fileRef = 3CF65200286A416700BD5EDB /* AppDelegate.m */; };
		3CF65204286A416700BD5EDB /* SceneDelegate.m in Sources */ = {isa = PBXBuildFile; fileRef = 3CF65203286A416700BD5EDB /* SceneDelegate.m */; };
		3CF6520A286A416700BD5EDB /* Main.storyboard in Resources */ = {isa = PBXBuildFile; fileRef = 3CF65208286A416700BD5EDB /* Main.storyboard */; };
		3CF6520C286A416800BD5EDB /* Assets.xcassets in Resources */ = {isa = PBXBuildFile; fileRef = 3CF6520B286A416800BD5EDB /* Assets.xcassets */; };
		3CF6520F286A416800BD5EDB /* LaunchScreen.storyboard in Resources */ = {isa = PBXBuildFile; fileRef = 3CF6520D286A416800BD5EDB /* LaunchScreen.storyboard */; };
		3CF65212286A416800BD5EDB /* main.m in Sources */ = {isa = PBXBuildFile; fileRef = 3CF65211286A416800BD5EDB /* main.m */; };
		3CF6521C286A416800BD5EDB /* InstagramTests.m in Sources */ = {isa = PBXBuildFile; fileRef = 3CF6521B286A416800BD5EDB /* InstagramTests.m */; };
		3CF65226286A416800BD5EDB /* InstagramUITests.m in Sources */ = {isa = PBXBuildFile; fileRef = 3CF65225286A416800BD5EDB /* InstagramUITests.m */; };
		3CF65228286A416800BD5EDB /* InstagramUITestsLaunchTests.m in Sources */ = {isa = PBXBuildFile; fileRef = 3CF65227286A416800BD5EDB /* InstagramUITestsLaunchTests.m */; };
		3CF65236286A472600BD5EDB /* LoginViewController.m in Sources */ = {isa = PBXBuildFile; fileRef = 3CF65235286A472600BD5EDB /* LoginViewController.m */; };
		3CF6523A286A4A4600BD5EDB /* HomeViewController.m in Sources */ = {isa = PBXBuildFile; fileRef = 3CF65239286A4A4600BD5EDB /* HomeViewController.m */; };
		3CF6523D286A4A9800BD5EDB /* ComposeViewController.m in Sources */ = {isa = PBXBuildFile; fileRef = 3CF6523C286A4A9800BD5EDB /* ComposeViewController.m */; };
		3CF65240286A4AEC00BD5EDB /* ProfileViewController.m in Sources */ = {isa = PBXBuildFile; fileRef = 3CF6523F286A4AEC00BD5EDB /* ProfileViewController.m */; };
		3CF6524B286A6F8500BD5EDB /* Post.m in Sources */ = {isa = PBXBuildFile; fileRef = 3CF6524A286A6F8500BD5EDB /* Post.m */; };
		3CF6528F286B5DED00BD5EDB /* PostCell.m in Sources */ = {isa = PBXBuildFile; fileRef = 3CF6528E286B5DED00BD5EDB /* PostCell.m */; };
		3CF65292286B910D00BD5EDB /* DetailsViewController.m in Sources */ = {isa = PBXBuildFile; fileRef = 3CF65291286B910D00BD5EDB /* DetailsViewController.m */; };
		3CF6529A286CD63800BD5EDB /* GeneralProfileViewController.m in Sources */ = {isa = PBXBuildFile; fileRef = 3CF65299286CD63800BD5EDB /* GeneralProfileViewController.m */; };
		581F8CB27FD38833023ECE53 /* Pods_InstagramTests.framework in Frameworks */ = {isa = PBXBuildFile; fileRef = A14B1FDE03947773C7E1C014 /* Pods_InstagramTests.framework */; };
		7DA7DBBB6A4D57D0C76B3A94 /* Pods_Instagram.framework in Frameworks */ = {isa = PBXBuildFile; fileRef = 7ED9341969092733FD17D553 /* Pods_Instagram.framework */; };
/* End PBXBuildFile section */

/* Begin PBXContainerItemProxy section */
		3CF65218286A416800BD5EDB /* PBXContainerItemProxy */ = {
			isa = PBXContainerItemProxy;
			containerPortal = 3CF651F4286A416700BD5EDB /* Project object */;
			proxyType = 1;
			remoteGlobalIDString = 3CF651FB286A416700BD5EDB;
			remoteInfo = Instagram;
		};
		3CF65222286A416800BD5EDB /* PBXContainerItemProxy */ = {
			isa = PBXContainerItemProxy;
			containerPortal = 3CF651F4286A416700BD5EDB /* Project object */;
			proxyType = 1;
			remoteGlobalIDString = 3CF651FB286A416700BD5EDB;
			remoteInfo = Instagram;
		};
/* End PBXContainerItemProxy section */

/* Begin PBXFileReference section */
		01EDD2FC997A054FBC9CDC4B /* Pods-InstagramTests.debug.xcconfig */ = {isa = PBXFileReference; includeInIndex = 1; lastKnownFileType = text.xcconfig; name = "Pods-InstagramTests.debug.xcconfig"; path = "Target Support Files/Pods-InstagramTests/Pods-InstagramTests.debug.xcconfig"; sourceTree = "<group>"; };
		3CF651FC286A416700BD5EDB /* Instagram.app */ = {isa = PBXFileReference; explicitFileType = wrapper.application; includeInIndex = 0; path = Instagram.app; sourceTree = BUILT_PRODUCTS_DIR; };
		3CF651FF286A416700BD5EDB /* AppDelegate.h */ = {isa = PBXFileReference; lastKnownFileType = sourcecode.c.h; path = AppDelegate.h; sourceTree = "<group>"; };
		3CF65200286A416700BD5EDB /* AppDelegate.m */ = {isa = PBXFileReference; lastKnownFileType = sourcecode.c.objc; path = AppDelegate.m; sourceTree = "<group>"; };
		3CF65202286A416700BD5EDB /* SceneDelegate.h */ = {isa = PBXFileReference; lastKnownFileType = sourcecode.c.h; path = SceneDelegate.h; sourceTree = "<group>"; };
		3CF65203286A416700BD5EDB /* SceneDelegate.m */ = {isa = PBXFileReference; lastKnownFileType = sourcecode.c.objc; path = SceneDelegate.m; sourceTree = "<group>"; };
		3CF65209286A416700BD5EDB /* Base */ = {isa = PBXFileReference; lastKnownFileType = file.storyboard; name = Base; path = Base.lproj/Main.storyboard; sourceTree = "<group>"; };
		3CF6520B286A416800BD5EDB /* Assets.xcassets */ = {isa = PBXFileReference; lastKnownFileType = folder.assetcatalog; path = Assets.xcassets; sourceTree = "<group>"; };
		3CF6520E286A416800BD5EDB /* Base */ = {isa = PBXFileReference; lastKnownFileType = file.storyboard; name = Base; path = Base.lproj/LaunchScreen.storyboard; sourceTree = "<group>"; };
		3CF65210286A416800BD5EDB /* Info.plist */ = {isa = PBXFileReference; lastKnownFileType = text.plist.xml; path = Info.plist; sourceTree = "<group>"; };
		3CF65211286A416800BD5EDB /* main.m */ = {isa = PBXFileReference; lastKnownFileType = sourcecode.c.objc; path = main.m; sourceTree = "<group>"; };
		3CF65217286A416800BD5EDB /* InstagramTests.xctest */ = {isa = PBXFileReference; explicitFileType = wrapper.cfbundle; includeInIndex = 0; path = InstagramTests.xctest; sourceTree = BUILT_PRODUCTS_DIR; };
		3CF6521B286A416800BD5EDB /* InstagramTests.m */ = {isa = PBXFileReference; lastKnownFileType = sourcecode.c.objc; path = InstagramTests.m; sourceTree = "<group>"; };
		3CF65221286A416800BD5EDB /* InstagramUITests.xctest */ = {isa = PBXFileReference; explicitFileType = wrapper.cfbundle; includeInIndex = 0; path = InstagramUITests.xctest; sourceTree = BUILT_PRODUCTS_DIR; };
		3CF65225286A416800BD5EDB /* InstagramUITests.m */ = {isa = PBXFileReference; lastKnownFileType = sourcecode.c.objc; path = InstagramUITests.m; sourceTree = "<group>"; };
		3CF65227286A416800BD5EDB /* InstagramUITestsLaunchTests.m */ = {isa = PBXFileReference; lastKnownFileType = sourcecode.c.objc; path = InstagramUITestsLaunchTests.m; sourceTree = "<group>"; };
		3CF65234286A472600BD5EDB /* LoginViewController.h */ = {isa = PBXFileReference; lastKnownFileType = sourcecode.c.h; path = LoginViewController.h; sourceTree = "<group>"; };
		3CF65235286A472600BD5EDB /* LoginViewController.m */ = {isa = PBXFileReference; lastKnownFileType = sourcecode.c.objc; path = LoginViewController.m; sourceTree = "<group>"; };
		3CF65238286A4A4600BD5EDB /* HomeViewController.h */ = {isa = PBXFileReference; lastKnownFileType = sourcecode.c.h; path = HomeViewController.h; sourceTree = "<group>"; };
		3CF65239286A4A4600BD5EDB /* HomeViewController.m */ = {isa = PBXFileReference; lastKnownFileType = sourcecode.c.objc; path = HomeViewController.m; sourceTree = "<group>"; };
		3CF6523B286A4A9800BD5EDB /* ComposeViewController.h */ = {isa = PBXFileReference; lastKnownFileType = sourcecode.c.h; path = ComposeViewController.h; sourceTree = "<group>"; };
		3CF6523C286A4A9800BD5EDB /* ComposeViewController.m */ = {isa = PBXFileReference; lastKnownFileType = sourcecode.c.objc; path = ComposeViewController.m; sourceTree = "<group>"; };
		3CF6523E286A4AEC00BD5EDB /* ProfileViewController.h */ = {isa = PBXFileReference; lastKnownFileType = sourcecode.c.h; path = ProfileViewController.h; sourceTree = "<group>"; };
		3CF6523F286A4AEC00BD5EDB /* ProfileViewController.m */ = {isa = PBXFileReference; lastKnownFileType = sourcecode.c.objc; path = ProfileViewController.m; sourceTree = "<group>"; };
		3CF65249286A6F8500BD5EDB /* Post.h */ = {isa = PBXFileReference; lastKnownFileType = sourcecode.c.h; path = Post.h; sourceTree = "<group>"; };
		3CF6524A286A6F8500BD5EDB /* Post.m */ = {isa = PBXFileReference; lastKnownFileType = sourcecode.c.objc; path = Post.m; sourceTree = "<group>"; };
		3CF6528D286B5DED00BD5EDB /* PostCell.h */ = {isa = PBXFileReference; lastKnownFileType = sourcecode.c.h; path = PostCell.h; sourceTree = "<group>"; };
		3CF6528E286B5DED00BD5EDB /* PostCell.m */ = {isa = PBXFileReference; lastKnownFileType = sourcecode.c.objc; path = PostCell.m; sourceTree = "<group>"; };
		3CF65290286B910D00BD5EDB /* DetailsViewController.h */ = {isa = PBXFileReference; lastKnownFileType = sourcecode.c.h; path = DetailsViewController.h; sourceTree = "<group>"; };
		3CF65291286B910D00BD5EDB /* DetailsViewController.m */ = {isa = PBXFileReference; lastKnownFileType = sourcecode.c.objc; path = DetailsViewController.m; sourceTree = "<group>"; };
		3CF65298286CD63800BD5EDB /* GeneralProfileViewController.h */ = {isa = PBXFileReference; lastKnownFileType = sourcecode.c.h; path = GeneralProfileViewController.h; sourceTree = "<group>"; };
		3CF65299286CD63800BD5EDB /* GeneralProfileViewController.m */ = {isa = PBXFileReference; lastKnownFileType = sourcecode.c.objc; path = GeneralProfileViewController.m; sourceTree = "<group>"; };
		50991A6460BA413FF0FD87C3 /* Pods_Instagram_InstagramUITests.framework */ = {isa = PBXFileReference; explicitFileType = wrapper.framework; includeInIndex = 0; path = Pods_Instagram_InstagramUITests.framework; sourceTree = BUILT_PRODUCTS_DIR; };
		64B13EB7B5043D8ACACA4965 /* Pods-Instagram.release.xcconfig */ = {isa = PBXFileReference; includeInIndex = 1; lastKnownFileType = text.xcconfig; name = "Pods-Instagram.release.xcconfig"; path = "Target Support Files/Pods-Instagram/Pods-Instagram.release.xcconfig"; sourceTree = "<group>"; };
		6E48EAD12510DF54D3B7053E /* Pods-Instagram-InstagramUITests.release.xcconfig */ = {isa = PBXFileReference; includeInIndex = 1; lastKnownFileType = text.xcconfig; name = "Pods-Instagram-InstagramUITests.release.xcconfig"; path = "Target Support Files/Pods-Instagram-InstagramUITests/Pods-Instagram-InstagramUITests.release.xcconfig"; sourceTree = "<group>"; };
		76C98A5B7AF6800ECCEBEAF7 /* Pods-Instagram.debug.xcconfig */ = {isa = PBXFileReference; includeInIndex = 1; lastKnownFileType = text.xcconfig; name = "Pods-Instagram.debug.xcconfig"; path = "Target Support Files/Pods-Instagram/Pods-Instagram.debug.xcconfig"; sourceTree = "<group>"; };
		7ED9341969092733FD17D553 /* Pods_Instagram.framework */ = {isa = PBXFileReference; explicitFileType = wrapper.framework; includeInIndex = 0; path = Pods_Instagram.framework; sourceTree = BUILT_PRODUCTS_DIR; };
		9E4357771D02B00B23A890CF /* Pods-Instagram-InstagramUITests.debug.xcconfig */ = {isa = PBXFileReference; includeInIndex = 1; lastKnownFileType = text.xcconfig; name = "Pods-Instagram-InstagramUITests.debug.xcconfig"; path = "Target Support Files/Pods-Instagram-InstagramUITests/Pods-Instagram-InstagramUITests.debug.xcconfig"; sourceTree = "<group>"; };
		A14B1FDE03947773C7E1C014 /* Pods_InstagramTests.framework */ = {isa = PBXFileReference; explicitFileType = wrapper.framework; includeInIndex = 0; path = Pods_InstagramTests.framework; sourceTree = BUILT_PRODUCTS_DIR; };
		BD0592050B60546EBC24749A /* Pods-InstagramTests.release.xcconfig */ = {isa = PBXFileReference; includeInIndex = 1; lastKnownFileType = text.xcconfig; name = "Pods-InstagramTests.release.xcconfig"; path = "Target Support Files/Pods-InstagramTests/Pods-InstagramTests.release.xcconfig"; sourceTree = "<group>"; };
/* End PBXFileReference section */

/* Begin PBXFrameworksBuildPhase section */
		3CF651F9286A416700BD5EDB /* Frameworks */ = {
			isa = PBXFrameworksBuildPhase;
			buildActionMask = 2147483647;
			files = (
				7DA7DBBB6A4D57D0C76B3A94 /* Pods_Instagram.framework in Frameworks */,
			);
			runOnlyForDeploymentPostprocessing = 0;
		};
		3CF65214286A416800BD5EDB /* Frameworks */ = {
			isa = PBXFrameworksBuildPhase;
			buildActionMask = 2147483647;
			files = (
				581F8CB27FD38833023ECE53 /* Pods_InstagramTests.framework in Frameworks */,
			);
			runOnlyForDeploymentPostprocessing = 0;
		};
		3CF6521E286A416800BD5EDB /* Frameworks */ = {
			isa = PBXFrameworksBuildPhase;
			buildActionMask = 2147483647;
			files = (
				36B08458E8F69950D0DD28F5 /* Pods_Instagram_InstagramUITests.framework in Frameworks */,
			);
			runOnlyForDeploymentPostprocessing = 0;
		};
/* End PBXFrameworksBuildPhase section */

/* Begin PBXGroup section */
		04C664521703190A90077C98 /* Pods */ = {
			isa = PBXGroup;
			children = (
				76C98A5B7AF6800ECCEBEAF7 /* Pods-Instagram.debug.xcconfig */,
				64B13EB7B5043D8ACACA4965 /* Pods-Instagram.release.xcconfig */,
				9E4357771D02B00B23A890CF /* Pods-Instagram-InstagramUITests.debug.xcconfig */,
				6E48EAD12510DF54D3B7053E /* Pods-Instagram-InstagramUITests.release.xcconfig */,
				01EDD2FC997A054FBC9CDC4B /* Pods-InstagramTests.debug.xcconfig */,
				BD0592050B60546EBC24749A /* Pods-InstagramTests.release.xcconfig */,
			);
			path = Pods;
			sourceTree = "<group>";
		};
		3CF651F3286A416700BD5EDB = {
			isa = PBXGroup;
			children = (
				3CF651FE286A416700BD5EDB /* Instagram */,
				3CF6521A286A416800BD5EDB /* InstagramTests */,
				3CF65224286A416800BD5EDB /* InstagramUITests */,
				3CF651FD286A416700BD5EDB /* Products */,
				04C664521703190A90077C98 /* Pods */,
				95B6535C50466C562D5FD5A4 /* Frameworks */,
			);
			sourceTree = "<group>";
		};
		3CF651FD286A416700BD5EDB /* Products */ = {
			isa = PBXGroup;
			children = (
				3CF651FC286A416700BD5EDB /* Instagram.app */,
				3CF65217286A416800BD5EDB /* InstagramTests.xctest */,
				3CF65221286A416800BD5EDB /* InstagramUITests.xctest */,
			);
			name = Products;
			sourceTree = "<group>";
		};
		3CF651FE286A416700BD5EDB /* Instagram */ = {
			isa = PBXGroup;
			children = (
				3CF651FF286A416700BD5EDB /* AppDelegate.h */,
				3CF65200286A416700BD5EDB /* AppDelegate.m */,
				3CF65202286A416700BD5EDB /* SceneDelegate.h */,
				3CF65203286A416700BD5EDB /* SceneDelegate.m */,
				3CF65208286A416700BD5EDB /* Main.storyboard */,
				3CF65249286A6F8500BD5EDB /* Post.h */,
				3CF6524A286A6F8500BD5EDB /* Post.m */,
				3CF6528D286B5DED00BD5EDB /* PostCell.h */,
				3CF6528E286B5DED00BD5EDB /* PostCell.m */,
				3CF65237286A472F00BD5EDB /* View Controllers */,
				3CF6520B286A416800BD5EDB /* Assets.xcassets */,
				3CF6520D286A416800BD5EDB /* LaunchScreen.storyboard */,
				3CF65210286A416800BD5EDB /* Info.plist */,
				3CF65211286A416800BD5EDB /* main.m */,
			);
			path = Instagram;
			sourceTree = "<group>";
		};
		3CF6521A286A416800BD5EDB /* InstagramTests */ = {
			isa = PBXGroup;
			children = (
				3CF6521B286A416800BD5EDB /* InstagramTests.m */,
			);
			path = InstagramTests;
			sourceTree = "<group>";
		};
		3CF65224286A416800BD5EDB /* InstagramUITests */ = {
			isa = PBXGroup;
			children = (
				3CF65225286A416800BD5EDB /* InstagramUITests.m */,
				3CF65227286A416800BD5EDB /* InstagramUITestsLaunchTests.m */,
			);
			path = InstagramUITests;
			sourceTree = "<group>";
		};
		3CF65237286A472F00BD5EDB /* View Controllers */ = {
			isa = PBXGroup;
			children = (
				3CF65238286A4A4600BD5EDB /* HomeViewController.h */,
				3CF65239286A4A4600BD5EDB /* HomeViewController.m */,
				3CF65298286CD63800BD5EDB /* GeneralProfileViewController.h */,
				3CF65299286CD63800BD5EDB /* GeneralProfileViewController.m */,
				3CF65234286A472600BD5EDB /* LoginViewController.h */,
				3CF65235286A472600BD5EDB /* LoginViewController.m */,
				3CF6523B286A4A9800BD5EDB /* ComposeViewController.h */,
				3CF6523C286A4A9800BD5EDB /* ComposeViewController.m */,
				3CF6523E286A4AEC00BD5EDB /* ProfileViewController.h */,
				3CF6523F286A4AEC00BD5EDB /* ProfileViewController.m */,
				3CF65290286B910D00BD5EDB /* DetailsViewController.h */,
				3CF65291286B910D00BD5EDB /* DetailsViewController.m */,
			);
			path = "View Controllers";
			sourceTree = "<group>";
		};
		95B6535C50466C562D5FD5A4 /* Frameworks */ = {
			isa = PBXGroup;
			children = (
				7ED9341969092733FD17D553 /* Pods_Instagram.framework */,
				50991A6460BA413FF0FD87C3 /* Pods_Instagram_InstagramUITests.framework */,
				A14B1FDE03947773C7E1C014 /* Pods_InstagramTests.framework */,
			);
			name = Frameworks;
			sourceTree = "<group>";
		};
/* End PBXGroup section */

/* Begin PBXNativeTarget section */
		3CF651FB286A416700BD5EDB /* Instagram */ = {
			isa = PBXNativeTarget;
			buildConfigurationList = 3CF6522B286A416800BD5EDB /* Build configuration list for PBXNativeTarget "Instagram" */;
			buildPhases = (
				9DA1BEED5E631771714A95E1 /* [CP] Check Pods Manifest.lock */,
				3CF651F8286A416700BD5EDB /* Sources */,
				3CF651F9286A416700BD5EDB /* Frameworks */,
				3CF651FA286A416700BD5EDB /* Resources */,
				FDD6E89D21D44D034FF1C265 /* [CP] Embed Pods Frameworks */,
			);
			buildRules = (
			);
			dependencies = (
			);
			name = Instagram;
			productName = Instagram;
			productReference = 3CF651FC286A416700BD5EDB /* Instagram.app */;
			productType = "com.apple.product-type.application";
		};
		3CF65216286A416800BD5EDB /* InstagramTests */ = {
			isa = PBXNativeTarget;
			buildConfigurationList = 3CF6522E286A416800BD5EDB /* Build configuration list for PBXNativeTarget "InstagramTests" */;
			buildPhases = (
				FAEC36A096169C3370903CD1 /* [CP] Check Pods Manifest.lock */,
				3CF65213286A416800BD5EDB /* Sources */,
				3CF65214286A416800BD5EDB /* Frameworks */,
				3CF65215286A416800BD5EDB /* Resources */,
			);
			buildRules = (
			);
			dependencies = (
				3CF65219286A416800BD5EDB /* PBXTargetDependency */,
			);
			name = InstagramTests;
			productName = InstagramTests;
			productReference = 3CF65217286A416800BD5EDB /* InstagramTests.xctest */;
			productType = "com.apple.product-type.bundle.unit-test";
		};
		3CF65220286A416800BD5EDB /* InstagramUITests */ = {
			isa = PBXNativeTarget;
			buildConfigurationList = 3CF65231286A416800BD5EDB /* Build configuration list for PBXNativeTarget "InstagramUITests" */;
			buildPhases = (
				3A8D6F5AD4F88B5DDEEA8049 /* [CP] Check Pods Manifest.lock */,
				3CF6521D286A416800BD5EDB /* Sources */,
				3CF6521E286A416800BD5EDB /* Frameworks */,
				3CF6521F286A416800BD5EDB /* Resources */,
				016AF7A6ADFF881BB775F46B /* [CP] Embed Pods Frameworks */,
			);
			buildRules = (
			);
			dependencies = (
				3CF65223286A416800BD5EDB /* PBXTargetDependency */,
			);
			name = InstagramUITests;
			productName = InstagramUITests;
			productReference = 3CF65221286A416800BD5EDB /* InstagramUITests.xctest */;
			productType = "com.apple.product-type.bundle.ui-testing";
		};
/* End PBXNativeTarget section */

/* Begin PBXProject section */
		3CF651F4286A416700BD5EDB /* Project object */ = {
			isa = PBXProject;
			attributes = {
				BuildIndependentTargetsInParallel = 1;
				LastUpgradeCheck = 1340;
				TargetAttributes = {
					3CF651FB286A416700BD5EDB = {
						CreatedOnToolsVersion = 13.4;
					};
					3CF65216286A416800BD5EDB = {
						CreatedOnToolsVersion = 13.4;
						TestTargetID = 3CF651FB286A416700BD5EDB;
					};
					3CF65220286A416800BD5EDB = {
						CreatedOnToolsVersion = 13.4;
						TestTargetID = 3CF651FB286A416700BD5EDB;
					};
				};
			};
			buildConfigurationList = 3CF651F7286A416700BD5EDB /* Build configuration list for PBXProject "Instagram" */;
			compatibilityVersion = "Xcode 13.0";
			developmentRegion = en;
			hasScannedForEncodings = 0;
			knownRegions = (
				en,
				Base,
			);
			mainGroup = 3CF651F3286A416700BD5EDB;
			productRefGroup = 3CF651FD286A416700BD5EDB /* Products */;
			projectDirPath = "";
			projectRoot = "";
			targets = (
				3CF651FB286A416700BD5EDB /* Instagram */,
				3CF65216286A416800BD5EDB /* InstagramTests */,
				3CF65220286A416800BD5EDB /* InstagramUITests */,
			);
		};
/* End PBXProject section */

/* Begin PBXResourcesBuildPhase section */
		3CF651FA286A416700BD5EDB /* Resources */ = {
			isa = PBXResourcesBuildPhase;
			buildActionMask = 2147483647;
			files = (
				3CF6520F286A416800BD5EDB /* LaunchScreen.storyboard in Resources */,
				3CF6520C286A416800BD5EDB /* Assets.xcassets in Resources */,
				3CF6520A286A416700BD5EDB /* Main.storyboard in Resources */,
			);
			runOnlyForDeploymentPostprocessing = 0;
		};
		3CF65215286A416800BD5EDB /* Resources */ = {
			isa = PBXResourcesBuildPhase;
			buildActionMask = 2147483647;
			files = (
			);
			runOnlyForDeploymentPostprocessing = 0;
		};
		3CF6521F286A416800BD5EDB /* Resources */ = {
			isa = PBXResourcesBuildPhase;
			buildActionMask = 2147483647;
			files = (
			);
			runOnlyForDeploymentPostprocessing = 0;
		};
/* End PBXResourcesBuildPhase section */

/* Begin PBXShellScriptBuildPhase section */
		016AF7A6ADFF881BB775F46B /* [CP] Embed Pods Frameworks */ = {
			isa = PBXShellScriptBuildPhase;
			buildActionMask = 2147483647;
			files = (
			);
			inputFileListPaths = (
				"${PODS_ROOT}/Target Support Files/Pods-Instagram-InstagramUITests/Pods-Instagram-InstagramUITests-frameworks-${CONFIGURATION}-input-files.xcfilelist",
			);
			name = "[CP] Embed Pods Frameworks";
			outputFileListPaths = (
				"${PODS_ROOT}/Target Support Files/Pods-Instagram-InstagramUITests/Pods-Instagram-InstagramUITests-frameworks-${CONFIGURATION}-output-files.xcfilelist",
			);
			runOnlyForDeploymentPostprocessing = 0;
			shellPath = /bin/sh;
			shellScript = "\"${PODS_ROOT}/Target Support Files/Pods-Instagram-InstagramUITests/Pods-Instagram-InstagramUITests-frameworks.sh\"\n";
			showEnvVarsInLog = 0;
		};
		3A8D6F5AD4F88B5DDEEA8049 /* [CP] Check Pods Manifest.lock */ = {
			isa = PBXShellScriptBuildPhase;
			buildActionMask = 2147483647;
			files = (
			);
			inputFileListPaths = (
			);
			inputPaths = (
				"${PODS_PODFILE_DIR_PATH}/Podfile.lock",
				"${PODS_ROOT}/Manifest.lock",
			);
			name = "[CP] Check Pods Manifest.lock";
			outputFileListPaths = (
			);
			outputPaths = (
				"$(DERIVED_FILE_DIR)/Pods-Instagram-InstagramUITests-checkManifestLockResult.txt",
			);
			runOnlyForDeploymentPostprocessing = 0;
			shellPath = /bin/sh;
			shellScript = "diff \"${PODS_PODFILE_DIR_PATH}/Podfile.lock\" \"${PODS_ROOT}/Manifest.lock\" > /dev/null\nif [ $? != 0 ] ; then\n    # print error to STDERR\n    echo \"error: The sandbox is not in sync with the Podfile.lock. Run 'pod install' or update your CocoaPods installation.\" >&2\n    exit 1\nfi\n# This output is used by Xcode 'outputs' to avoid re-running this script phase.\necho \"SUCCESS\" > \"${SCRIPT_OUTPUT_FILE_0}\"\n";
			showEnvVarsInLog = 0;
		};
		9DA1BEED5E631771714A95E1 /* [CP] Check Pods Manifest.lock */ = {
			isa = PBXShellScriptBuildPhase;
			buildActionMask = 2147483647;
			files = (
			);
			inputFileListPaths = (
			);
			inputPaths = (
				"${PODS_PODFILE_DIR_PATH}/Podfile.lock",
				"${PODS_ROOT}/Manifest.lock",
			);
			name = "[CP] Check Pods Manifest.lock";
			outputFileListPaths = (
			);
			outputPaths = (
				"$(DERIVED_FILE_DIR)/Pods-Instagram-checkManifestLockResult.txt",
			);
			runOnlyForDeploymentPostprocessing = 0;
			shellPath = /bin/sh;
			shellScript = "diff \"${PODS_PODFILE_DIR_PATH}/Podfile.lock\" \"${PODS_ROOT}/Manifest.lock\" > /dev/null\nif [ $? != 0 ] ; then\n    # print error to STDERR\n    echo \"error: The sandbox is not in sync with the Podfile.lock. Run 'pod install' or update your CocoaPods installation.\" >&2\n    exit 1\nfi\n# This output is used by Xcode 'outputs' to avoid re-running this script phase.\necho \"SUCCESS\" > \"${SCRIPT_OUTPUT_FILE_0}\"\n";
			showEnvVarsInLog = 0;
		};
		FAEC36A096169C3370903CD1 /* [CP] Check Pods Manifest.lock */ = {
			isa = PBXShellScriptBuildPhase;
			buildActionMask = 2147483647;
			files = (
			);
			inputFileListPaths = (
			);
			inputPaths = (
				"${PODS_PODFILE_DIR_PATH}/Podfile.lock",
				"${PODS_ROOT}/Manifest.lock",
			);
			name = "[CP] Check Pods Manifest.lock";
			outputFileListPaths = (
			);
			outputPaths = (
				"$(DERIVED_FILE_DIR)/Pods-InstagramTests-checkManifestLockResult.txt",
			);
			runOnlyForDeploymentPostprocessing = 0;
			shellPath = /bin/sh;
			shellScript = "diff \"${PODS_PODFILE_DIR_PATH}/Podfile.lock\" \"${PODS_ROOT}/Manifest.lock\" > /dev/null\nif [ $? != 0 ] ; then\n    # print error to STDERR\n    echo \"error: The sandbox is not in sync with the Podfile.lock. Run 'pod install' or update your CocoaPods installation.\" >&2\n    exit 1\nfi\n# This output is used by Xcode 'outputs' to avoid re-running this script phase.\necho \"SUCCESS\" > \"${SCRIPT_OUTPUT_FILE_0}\"\n";
			showEnvVarsInLog = 0;
		};
		FDD6E89D21D44D034FF1C265 /* [CP] Embed Pods Frameworks */ = {
			isa = PBXShellScriptBuildPhase;
			buildActionMask = 2147483647;
			files = (
			);
			inputFileListPaths = (
				"${PODS_ROOT}/Target Support Files/Pods-Instagram/Pods-Instagram-frameworks-${CONFIGURATION}-input-files.xcfilelist",
			);
			name = "[CP] Embed Pods Frameworks";
			outputFileListPaths = (
				"${PODS_ROOT}/Target Support Files/Pods-Instagram/Pods-Instagram-frameworks-${CONFIGURATION}-output-files.xcfilelist",
			);
			runOnlyForDeploymentPostprocessing = 0;
			shellPath = /bin/sh;
			shellScript = "\"${PODS_ROOT}/Target Support Files/Pods-Instagram/Pods-Instagram-frameworks.sh\"\n";
			showEnvVarsInLog = 0;
		};
/* End PBXShellScriptBuildPhase section */

/* Begin PBXSourcesBuildPhase section */
		3CF651F8286A416700BD5EDB /* Sources */ = {
			isa = PBXSourcesBuildPhase;
			buildActionMask = 2147483647;
			files = (
				3CF65201286A416700BD5EDB /* AppDelegate.m in Sources */,
				3CF65292286B910D00BD5EDB /* DetailsViewController.m in Sources */,
				3CF65212286A416800BD5EDB /* main.m in Sources */,
				3CF6529A286CD63800BD5EDB /* GeneralProfileViewController.m in Sources */,
				3CF65204286A416700BD5EDB /* SceneDelegate.m in Sources */,
				3CF6523D286A4A9800BD5EDB /* ComposeViewController.m in Sources */,
				3CF65240286A4AEC00BD5EDB /* ProfileViewController.m in Sources */,
				3CF6528F286B5DED00BD5EDB /* PostCell.m in Sources */,
				3CF65236286A472600BD5EDB /* LoginViewController.m in Sources */,
				3CF6523A286A4A4600BD5EDB /* HomeViewController.m in Sources */,
				3CF6524B286A6F8500BD5EDB /* Post.m in Sources */,
			);
			runOnlyForDeploymentPostprocessing = 0;
		};
		3CF65213286A416800BD5EDB /* Sources */ = {
			isa = PBXSourcesBuildPhase;
			buildActionMask = 2147483647;
			files = (
				3CF6521C286A416800BD5EDB /* InstagramTests.m in Sources */,
			);
			runOnlyForDeploymentPostprocessing = 0;
		};
		3CF6521D286A416800BD5EDB /* Sources */ = {
			isa = PBXSourcesBuildPhase;
			buildActionMask = 2147483647;
			files = (
				3CF65226286A416800BD5EDB /* InstagramUITests.m in Sources */,
				3CF65228286A416800BD5EDB /* InstagramUITestsLaunchTests.m in Sources */,
			);
			runOnlyForDeploymentPostprocessing = 0;
		};
/* End PBXSourcesBuildPhase section */

/* Begin PBXTargetDependency section */
		3CF65219286A416800BD5EDB /* PBXTargetDependency */ = {
			isa = PBXTargetDependency;
			target = 3CF651FB286A416700BD5EDB /* Instagram */;
			targetProxy = 3CF65218286A416800BD5EDB /* PBXContainerItemProxy */;
		};
		3CF65223286A416800BD5EDB /* PBXTargetDependency */ = {
			isa = PBXTargetDependency;
			target = 3CF651FB286A416700BD5EDB /* Instagram */;
			targetProxy = 3CF65222286A416800BD5EDB /* PBXContainerItemProxy */;
		};
/* End PBXTargetDependency section */

/* Begin PBXVariantGroup section */
		3CF65208286A416700BD5EDB /* Main.storyboard */ = {
			isa = PBXVariantGroup;
			children = (
				3CF65209286A416700BD5EDB /* Base */,
			);
			name = Main.storyboard;
			sourceTree = "<group>";
		};
		3CF6520D286A416800BD5EDB /* LaunchScreen.storyboard */ = {
			isa = PBXVariantGroup;
			children = (
				3CF6520E286A416800BD5EDB /* Base */,
			);
			name = LaunchScreen.storyboard;
			sourceTree = "<group>";
		};
/* End PBXVariantGroup section */

/* Begin XCBuildConfiguration section */
		3CF65229286A416800BD5EDB /* Debug */ = {
			isa = XCBuildConfiguration;
			buildSettings = {
				ALWAYS_SEARCH_USER_PATHS = NO;
				CLANG_ANALYZER_NONNULL = YES;
				CLANG_ANALYZER_NUMBER_OBJECT_CONVERSION = YES_AGGRESSIVE;
				CLANG_CXX_LANGUAGE_STANDARD = "gnu++17";
				CLANG_ENABLE_MODULES = YES;
				CLANG_ENABLE_OBJC_ARC = YES;
				CLANG_ENABLE_OBJC_WEAK = YES;
				CLANG_WARN_BLOCK_CAPTURE_AUTORELEASING = YES;
				CLANG_WARN_BOOL_CONVERSION = YES;
				CLANG_WARN_COMMA = YES;
				CLANG_WARN_CONSTANT_CONVERSION = YES;
				CLANG_WARN_DEPRECATED_OBJC_IMPLEMENTATIONS = YES;
				CLANG_WARN_DIRECT_OBJC_ISA_USAGE = YES_ERROR;
				CLANG_WARN_DOCUMENTATION_COMMENTS = YES;
				CLANG_WARN_EMPTY_BODY = YES;
				CLANG_WARN_ENUM_CONVERSION = YES;
				CLANG_WARN_INFINITE_RECURSION = YES;
				CLANG_WARN_INT_CONVERSION = YES;
				CLANG_WARN_NON_LITERAL_NULL_CONVERSION = YES;
				CLANG_WARN_OBJC_IMPLICIT_RETAIN_SELF = YES;
				CLANG_WARN_OBJC_LITERAL_CONVERSION = YES;
				CLANG_WARN_OBJC_ROOT_CLASS = YES_ERROR;
				CLANG_WARN_QUOTED_INCLUDE_IN_FRAMEWORK_HEADER = YES;
				CLANG_WARN_RANGE_LOOP_ANALYSIS = YES;
				CLANG_WARN_STRICT_PROTOTYPES = YES;
				CLANG_WARN_SUSPICIOUS_MOVE = YES;
				CLANG_WARN_UNGUARDED_AVAILABILITY = YES_AGGRESSIVE;
				CLANG_WARN_UNREACHABLE_CODE = YES;
				CLANG_WARN__DUPLICATE_METHOD_MATCH = YES;
				COPY_PHASE_STRIP = NO;
				DEBUG_INFORMATION_FORMAT = dwarf;
				ENABLE_STRICT_OBJC_MSGSEND = YES;
				ENABLE_TESTABILITY = YES;
				GCC_C_LANGUAGE_STANDARD = gnu11;
				GCC_DYNAMIC_NO_PIC = NO;
				GCC_NO_COMMON_BLOCKS = YES;
				GCC_OPTIMIZATION_LEVEL = 0;
				GCC_PREPROCESSOR_DEFINITIONS = (
					"DEBUG=1",
					"$(inherited)",
				);
				GCC_WARN_64_TO_32_BIT_CONVERSION = YES;
				GCC_WARN_ABOUT_RETURN_TYPE = YES_ERROR;
				GCC_WARN_UNDECLARED_SELECTOR = YES;
				GCC_WARN_UNINITIALIZED_AUTOS = YES_AGGRESSIVE;
				GCC_WARN_UNUSED_FUNCTION = YES;
				GCC_WARN_UNUSED_VARIABLE = YES;
				IPHONEOS_DEPLOYMENT_TARGET = 15.5;
				MTL_ENABLE_DEBUG_INFO = INCLUDE_SOURCE;
				MTL_FAST_MATH = YES;
				ONLY_ACTIVE_ARCH = YES;
				SDKROOT = iphoneos;
			};
			name = Debug;
		};
		3CF6522A286A416800BD5EDB /* Release */ = {
			isa = XCBuildConfiguration;
			buildSettings = {
				ALWAYS_SEARCH_USER_PATHS = NO;
				CLANG_ANALYZER_NONNULL = YES;
				CLANG_ANALYZER_NUMBER_OBJECT_CONVERSION = YES_AGGRESSIVE;
				CLANG_CXX_LANGUAGE_STANDARD = "gnu++17";
				CLANG_ENABLE_MODULES = YES;
				CLANG_ENABLE_OBJC_ARC = YES;
				CLANG_ENABLE_OBJC_WEAK = YES;
				CLANG_WARN_BLOCK_CAPTURE_AUTORELEASING = YES;
				CLANG_WARN_BOOL_CONVERSION = YES;
				CLANG_WARN_COMMA = YES;
				CLANG_WARN_CONSTANT_CONVERSION = YES;
				CLANG_WARN_DEPRECATED_OBJC_IMPLEMENTATIONS = YES;
				CLANG_WARN_DIRECT_OBJC_ISA_USAGE = YES_ERROR;
				CLANG_WARN_DOCUMENTATION_COMMENTS = YES;
				CLANG_WARN_EMPTY_BODY = YES;
				CLANG_WARN_ENUM_CONVERSION = YES;
				CLANG_WARN_INFINITE_RECURSION = YES;
				CLANG_WARN_INT_CONVERSION = YES;
				CLANG_WARN_NON_LITERAL_NULL_CONVERSION = YES;
				CLANG_WARN_OBJC_IMPLICIT_RETAIN_SELF = YES;
				CLANG_WARN_OBJC_LITERAL_CONVERSION = YES;
				CLANG_WARN_OBJC_ROOT_CLASS = YES_ERROR;
				CLANG_WARN_QUOTED_INCLUDE_IN_FRAMEWORK_HEADER = YES;
				CLANG_WARN_RANGE_LOOP_ANALYSIS = YES;
				CLANG_WARN_STRICT_PROTOTYPES = YES;
				CLANG_WARN_SUSPICIOUS_MOVE = YES;
				CLANG_WARN_UNGUARDED_AVAILABILITY = YES_AGGRESSIVE;
				CLANG_WARN_UNREACHABLE_CODE = YES;
				CLANG_WARN__DUPLICATE_METHOD_MATCH = YES;
				COPY_PHASE_STRIP = NO;
				DEBUG_INFORMATION_FORMAT = "dwarf-with-dsym";
				ENABLE_NS_ASSERTIONS = NO;
				ENABLE_STRICT_OBJC_MSGSEND = YES;
				GCC_C_LANGUAGE_STANDARD = gnu11;
				GCC_NO_COMMON_BLOCKS = YES;
				GCC_WARN_64_TO_32_BIT_CONVERSION = YES;
				GCC_WARN_ABOUT_RETURN_TYPE = YES_ERROR;
				GCC_WARN_UNDECLARED_SELECTOR = YES;
				GCC_WARN_UNINITIALIZED_AUTOS = YES_AGGRESSIVE;
				GCC_WARN_UNUSED_FUNCTION = YES;
				GCC_WARN_UNUSED_VARIABLE = YES;
				IPHONEOS_DEPLOYMENT_TARGET = 15.5;
				MTL_ENABLE_DEBUG_INFO = NO;
				MTL_FAST_MATH = YES;
				SDKROOT = iphoneos;
				VALIDATE_PRODUCT = YES;
			};
			name = Release;
		};
		3CF6522C286A416800BD5EDB /* Debug */ = {
			isa = XCBuildConfiguration;
			baseConfigurationReference = 76C98A5B7AF6800ECCEBEAF7 /* Pods-Instagram.debug.xcconfig */;
			buildSettings = {
				ASSETCATALOG_COMPILER_APPICON_NAME = AppIcon;
				ASSETCATALOG_COMPILER_GLOBAL_ACCENT_COLOR_NAME = AccentColor;
				CODE_SIGN_STYLE = Automatic;
				CURRENT_PROJECT_VERSION = 1;
				DEVELOPMENT_TEAM = J9M7RNK2K7;
				GENERATE_INFOPLIST_FILE = YES;
				INFOPLIST_FILE = Instagram/Info.plist;
				INFOPLIST_KEY_UIApplicationSupportsIndirectInputEvents = YES;
				INFOPLIST_KEY_UILaunchStoryboardName = LaunchScreen;
				INFOPLIST_KEY_UIMainStoryboardFile = Main;
				INFOPLIST_KEY_UISupportedInterfaceOrientations_iPad = "UIInterfaceOrientationPortrait UIInterfaceOrientationPortraitUpsideDown UIInterfaceOrientationLandscapeLeft UIInterfaceOrientationLandscapeRight";
				INFOPLIST_KEY_UISupportedInterfaceOrientations_iPhone = "UIInterfaceOrientationPortrait UIInterfaceOrientationLandscapeLeft UIInterfaceOrientationLandscapeRight";
				LD_RUNPATH_SEARCH_PATHS = (
					"$(inherited)",
					"@executable_path/Frameworks",
				);
				MARKETING_VERSION = 1.0;
				PRODUCT_BUNDLE_IDENTIFIER = com.jocelyntseng.Instagram;
				PRODUCT_NAME = "$(TARGET_NAME)";
				SWIFT_EMIT_LOC_STRINGS = YES;
				TARGETED_DEVICE_FAMILY = "1,2";
			};
			name = Debug;
		};
		3CF6522D286A416800BD5EDB /* Release */ = {
			isa = XCBuildConfiguration;
			baseConfigurationReference = 64B13EB7B5043D8ACACA4965 /* Pods-Instagram.release.xcconfig */;
			buildSettings = {
				ASSETCATALOG_COMPILER_APPICON_NAME = AppIcon;
				ASSETCATALOG_COMPILER_GLOBAL_ACCENT_COLOR_NAME = AccentColor;
				CODE_SIGN_STYLE = Automatic;
				CURRENT_PROJECT_VERSION = 1;
				DEVELOPMENT_TEAM = J9M7RNK2K7;
				GENERATE_INFOPLIST_FILE = YES;
				INFOPLIST_FILE = Instagram/Info.plist;
				INFOPLIST_KEY_UIApplicationSupportsIndirectInputEvents = YES;
				INFOPLIST_KEY_UILaunchStoryboardName = LaunchScreen;
				INFOPLIST_KEY_UIMainStoryboardFile = Main;
				INFOPLIST_KEY_UISupportedInterfaceOrientations_iPad = "UIInterfaceOrientationPortrait UIInterfaceOrientationPortraitUpsideDown UIInterfaceOrientationLandscapeLeft UIInterfaceOrientationLandscapeRight";
				INFOPLIST_KEY_UISupportedInterfaceOrientations_iPhone = "UIInterfaceOrientationPortrait UIInterfaceOrientationLandscapeLeft UIInterfaceOrientationLandscapeRight";
				LD_RUNPATH_SEARCH_PATHS = (
					"$(inherited)",
					"@executable_path/Frameworks",
				);
				MARKETING_VERSION = 1.0;
				PRODUCT_BUNDLE_IDENTIFIER = com.jocelyntseng.Instagram;
				PRODUCT_NAME = "$(TARGET_NAME)";
				SWIFT_EMIT_LOC_STRINGS = YES;
				TARGETED_DEVICE_FAMILY = "1,2";
			};
			name = Release;
		};
		3CF6522F286A416800BD5EDB /* Debug */ = {
			isa = XCBuildConfiguration;
			baseConfigurationReference = 01EDD2FC997A054FBC9CDC4B /* Pods-InstagramTests.debug.xcconfig */;
			buildSettings = {
				BUNDLE_LOADER = "$(TEST_HOST)";
				CODE_SIGN_STYLE = Automatic;
				CURRENT_PROJECT_VERSION = 1;
				DEVELOPMENT_TEAM = J9M7RNK2K7;
				GENERATE_INFOPLIST_FILE = YES;
				IPHONEOS_DEPLOYMENT_TARGET = 15.5;
				MARKETING_VERSION = 1.0;
				PRODUCT_BUNDLE_IDENTIFIER = com.jocelyntseng.InstagramTests;
				PRODUCT_NAME = "$(TARGET_NAME)";
				SWIFT_EMIT_LOC_STRINGS = NO;
				TARGETED_DEVICE_FAMILY = "1,2";
				TEST_HOST = "$(BUILT_PRODUCTS_DIR)/Instagram.app/Instagram";
			};
			name = Debug;
		};
		3CF65230286A416800BD5EDB /* Release */ = {
			isa = XCBuildConfiguration;
			baseConfigurationReference = BD0592050B60546EBC24749A /* Pods-InstagramTests.release.xcconfig */;
			buildSettings = {
				BUNDLE_LOADER = "$(TEST_HOST)";
				CODE_SIGN_STYLE = Automatic;
				CURRENT_PROJECT_VERSION = 1;
				DEVELOPMENT_TEAM = J9M7RNK2K7;
				GENERATE_INFOPLIST_FILE = YES;
				IPHONEOS_DEPLOYMENT_TARGET = 15.5;
				MARKETING_VERSION = 1.0;
				PRODUCT_BUNDLE_IDENTIFIER = com.jocelyntseng.InstagramTests;
				PRODUCT_NAME = "$(TARGET_NAME)";
				SWIFT_EMIT_LOC_STRINGS = NO;
				TARGETED_DEVICE_FAMILY = "1,2";
				TEST_HOST = "$(BUILT_PRODUCTS_DIR)/Instagram.app/Instagram";
			};
			name = Release;
		};
		3CF65232286A416800BD5EDB /* Debug */ = {
			isa = XCBuildConfiguration;
			baseConfigurationReference = 9E4357771D02B00B23A890CF /* Pods-Instagram-InstagramUITests.debug.xcconfig */;
			buildSettings = {
				CODE_SIGN_STYLE = Automatic;
				CURRENT_PROJECT_VERSION = 1;
				DEVELOPMENT_TEAM = J9M7RNK2K7;
				GENERATE_INFOPLIST_FILE = YES;
				MARKETING_VERSION = 1.0;
				PRODUCT_BUNDLE_IDENTIFIER = com.jocelyntseng.InstagramUITests;
				PRODUCT_NAME = "$(TARGET_NAME)";
				SWIFT_EMIT_LOC_STRINGS = NO;
				TARGETED_DEVICE_FAMILY = "1,2";
				TEST_TARGET_NAME = Instagram;
			};
			name = Debug;
		};
		3CF65233286A416800BD5EDB /* Release */ = {
			isa = XCBuildConfiguration;
			baseConfigurationReference = 6E48EAD12510DF54D3B7053E /* Pods-Instagram-InstagramUITests.release.xcconfig */;
			buildSettings = {
				CODE_SIGN_STYLE = Automatic;
				CURRENT_PROJECT_VERSION = 1;
				DEVELOPMENT_TEAM = J9M7RNK2K7;
				GENERATE_INFOPLIST_FILE = YES;
				MARKETING_VERSION = 1.0;
				PRODUCT_BUNDLE_IDENTIFIER = com.jocelyntseng.InstagramUITests;
				PRODUCT_NAME = "$(TARGET_NAME)";
				SWIFT_EMIT_LOC_STRINGS = NO;
				TARGETED_DEVICE_FAMILY = "1,2";
				TEST_TARGET_NAME = Instagram;
			};
			name = Release;
		};
/* End XCBuildConfiguration section */

/* Begin XCConfigurationList section */
		3CF651F7286A416700BD5EDB /* Build configuration list for PBXProject "Instagram" */ = {
			isa = XCConfigurationList;
			buildConfigurations = (
				3CF65229286A416800BD5EDB /* Debug */,
				3CF6522A286A416800BD5EDB /* Release */,
			);
			defaultConfigurationIsVisible = 0;
			defaultConfigurationName = Release;
		};
		3CF6522B286A416800BD5EDB /* Build configuration list for PBXNativeTarget "Instagram" */ = {
			isa = XCConfigurationList;
			buildConfigurations = (
				3CF6522C286A416800BD5EDB /* Debug */,
				3CF6522D286A416800BD5EDB /* Release */,
			);
			defaultConfigurationIsVisible = 0;
			defaultConfigurationName = Release;
		};
		3CF6522E286A416800BD5EDB /* Build configuration list for PBXNativeTarget "InstagramTests" */ = {
			isa = XCConfigurationList;
			buildConfigurations = (
				3CF6522F286A416800BD5EDB /* Debug */,
				3CF65230286A416800BD5EDB /* Release */,
			);
			defaultConfigurationIsVisible = 0;
			defaultConfigurationName = Release;
		};
		3CF65231286A416800BD5EDB /* Build configuration list for PBXNativeTarget "InstagramUITests" */ = {
			isa = XCConfigurationList;
			buildConfigurations = (
				3CF65232286A416800BD5EDB /* Debug */,
				3CF65233286A416800BD5EDB /* Release */,
			);
			defaultConfigurationIsVisible = 0;
			defaultConfigurationName = Release;
		};
/* End XCConfigurationList section */
	};
	rootObject = 3CF651F4286A416700BD5EDB /* Project object */;
}
